
Microsoft Visual Studio Solution File, Format Version 12.00
# Visual Studio 14
VisualStudioVersion = 14.0.25123.0
MinimumVisualStudioVersion = 10.0.40219.1
Project("{FAE04EC0-301F-11D3-BF4B-00C04F79EFBC}") = "Requires", "Requires\Requires.csproj", "{9956CAAF-1D77-43C5-9761-1D1301A4F503}"
EndProject
Project("{FAE04EC0-301F-11D3-BF4B-00C04F79EFBC}") = "TestRequires", "TestRequires\TestRequires.csproj", "{573C669F-742E-4A9F-97D0-36BA8D2A440E}"
EndProject
Global
	GlobalSection(SolutionConfigurationPlatforms) = preSolution
		Debug|Any CPU = Debug|Any CPU
		Release|Any CPU = Release|Any CPU
	EndGlobalSection
	GlobalSection(ProjectConfigurationPlatforms) = postSolution
		{9956CAAF-1D77-43C5-9761-1D1301A4F503}.Debug|Any CPU.ActiveCfg = Debug|Any CPU
		{9956CAAF-1D77-43C5-9761-1D1301A4F503}.Debug|Any CPU.Build.0 = Debug|Any CPU
		{9956CAAF-1D77-43C5-9761-1D1301A4F503}.Release|Any CPU.ActiveCfg = Release|Any CPU
		{9956CAAF-1D77-43C5-9761-1D1301A4F503}.Release|Any CPU.Build.0 = Release|Any CPU
		{573C669F-742E-4A9F-97D0-36BA8D2A440E}.Debug|Any CPU.ActiveCfg = Debug|Any CPU
		{573C669F-742E-4A9F-97D0-36BA8D2A440E}.Debug|Any CPU.Build.0 = Debug|Any CPU
		{573C669F-742E-4A9F-97D0-36BA8D2A440E}.Release|Any CPU.ActiveCfg = Release|Any CPU
		{573C669F-742E-4A9F-97D0-36BA8D2A440E}.Release|Any CPU.Build.0 = Release|Any CPU
	EndGlobalSection
	GlobalSection(SolutionProperties) = preSolution
		HideSolutionNode = FALSE
	EndGlobalSection
EndGlobal
